{
  "name": "can-dbc-decode",
  "version": "0.0.1",
  "lockfileVersion": 1,
  "requires": true,
  "dependencies": {
    "bitwise": {
      "version": "2.0.3",
      "resolved": "https://registry.npmjs.org/bitwise/-/bitwise-2.0.3.tgz",
      "integrity": "sha512-oNhwCqCWVq6pGtHIVmWgRTbUlbVElTZnuko7zIHba8ZWaVuI4z6+Twxm49GXxG0VY4D1Hqef/kGIhhmiPk2Rkg=="
    },
    "round-to": {
      "version": "4.0.0",
      "resolved": "https://registry.npmjs.org/round-to/-/round-to-4.0.0.tgz",
      "integrity": "sha512-2HD3qSm7FGv1uBQywsK43YtSeXQhh5CUscaFGsvbr38oZzfLqoPQAPw2ngvpXKruAEsn7WuPXdq1mrUSkR70MQ=="
    }
  }
}
